{
  "version": 4,
  "terraform_version": "1.14.4",
  "serial": 28,
  "lineage": "228d9e9b-03d9-502e-4ebf-07db17ba0b99",
  "outputs": {
    "api_endpoint": {
      "value": "https://b6aet1vkc9.execute-api.ap-southeast-1.amazonaws.com",
      "type": "string"
    },
    "foods_table_name": {
      "value": "food",
      "type": "string"
    },
    "ingredients_table_name": {
      "value": "ingredients",
      "type": "string"
    }
  },
  "resources": [
    {
      "mode": "data",
      "type": "archive_file",
      "name": "nutriTrack_lambda",
      "provider": "provider[\"registry.terraform.io/hashicorp/archive\"]",
      "instances": [
        {
          "schema_version": 0,
          "attributes": {
            "exclude_symlink_directories": null,
            "excludes": null,
            "id": "837b4f2e8a7b942b825c178d432af8c3f6c050aa",
            "output_base64sha256": "9sSqa5/MuQp0toKoK4L65f/1Z1DuK7Ox/Jri0ZaWC0c=",
            "output_base64sha512": "nE59kZj645KiWewhZrD1iU4SVJEZDp0i4EoqX6KyeQcL6yQg6HcvPMd7aJaV4zKqEJdkRMFrZ1H1S5IPRHq7Xw==",
            "output_file_mode": null,
            "output_md5": "3224d70e7837bdd291417473d770a3d4",
            "output_path": "./nutriTrack_lambda.zip",
            "output_sha": "837b4f2e8a7b942b825c178d432af8c3f6c050aa",
            "output_sha256": "f6c4aa6b9fccb90a74b682a82b82fae5fff56750ee2bb3b1fc9ae2d196960b47",
            "output_sha512": "9c4e7d9198fae392a259ec2166b0f5894e125491190e9d22e04a2a5fa2b279070beb2420e8772f3cc77b689695e332aa10976444c16b6751f54b920f447abb5f",
            "output_size": 1144818,
            "source": [],
            "source_content": null,
            "source_content_filename": null,
            "source_dir": "./../backend",
            "source_file": null,
            "type": "zip"
          },
          "sensitive_attributes": [],
          "identity_schema_version": 0
        }
      ]
    },
    {
      "mode": "managed",
      "type": "aws_apigatewayv2_api",
      "name": "http_api",
      "provider": "provider[\"registry.terraform.io/hashicorp/aws\"]",
      "instances": [
        {
          "schema_version": 0,
          "attributes": {
            "api_endpoint": "https://b6aet1vkc9.execute-api.ap-southeast-1.amazonaws.com",
            "api_key_selection_expression": "$request.header.x-api-key",
            "arn": "arn:aws:apigateway:ap-southeast-1::/apis/b6aet1vkc9",
            "body": null,
            "cors_configuration": [
              {
                "allow_credentials": false,
                "allow_headers": [
                  "*"
                ],
                "allow_methods": [
                  "*"
                ],
                "allow_origins": [
                  "*"
                ],
                "expose_headers": [],
                "max_age": 0
              }
            ],
            "credentials_arn": null,
            "description": "",
            "disable_execute_api_endpoint": false,
            "execution_arn": "arn:aws:execute-api:ap-southeast-1:966000660990:b6aet1vkc9",
            "fail_on_warnings": null,
            "id": "b6aet1vkc9",
            "ip_address_type": "ipv4",
            "name": "nutritrack-http-api",
            "protocol_type": "HTTP",
            "region": "ap-southeast-1",
            "route_key": null,
            "route_selection_expression": "$request.method $request.path",
            "tags": {},
            "tags_all": {},
            "target": null,
            "version": ""
          },
          "sensitive_attributes": [],
          "identity_schema_version": 0,
          "private": "bnVsbA=="
        }
      ]
    },
    {
      "mode": "managed",
      "type": "aws_apigatewayv2_integration",
      "name": "lambda_integration",
      "provider": "provider[\"registry.terraform.io/hashicorp/aws\"]",
      "instances": [
        {
          "schema_version": 0,
          "attributes": {
            "api_id": "b6aet1vkc9",
            "connection_id": "",
            "connection_type": "INTERNET",
            "content_handling_strategy": "",
            "credentials_arn": "",
            "description": "",
            "id": "rde6jp0",
            "integration_method": "POST",
            "integration_response_selection_expression": "",
            "integration_subtype": "",
            "integration_type": "AWS_PROXY",
            "integration_uri": "arn:aws:apigateway:ap-southeast-1:lambda:path/2015-03-31/functions/arn:aws:lambda:ap-southeast-1:966000660990:function:nutritrack-api-handler/invocations",
            "passthrough_behavior": "",
            "payload_format_version": "1.0",
            "region": "ap-southeast-1",
            "request_parameters": {},
            "request_templates": {},
            "response_parameters": [],
            "template_selection_expression": "",
            "timeout_milliseconds": 30000,
            "tls_config": []
          },
          "sensitive_attributes": [],
          "identity_schema_version": 0,
          "private": "bnVsbA==",
          "dependencies": [
            "aws_apigatewayv2_api.http_api",
            "aws_dynamodb_table.food",
            "aws_dynamodb_table.ingredients",
            "aws_iam_role.lambda_exec_role",
            "aws_lambda_function.api_backend",
            "data.archive_file.nutriTrack_lambda"
          ]
        }
      ]
    },
    {
      "mode": "managed",
      "type": "aws_apigatewayv2_route",
      "name": "default_route",
      "provider": "provider[\"registry.terraform.io/hashicorp/aws\"]",
      "instances": [
        {
          "schema_version": 0,
          "attributes": {
            "api_id": "b6aet1vkc9",
            "api_key_required": false,
            "authorization_scopes": [],
            "authorization_type": "NONE",
            "authorizer_id": "",
            "id": "zvqk86d",
            "model_selection_expression": "",
            "operation_name": "",
            "region": "ap-southeast-1",
            "request_models": {},
            "request_parameter": [],
            "route_key": "ANY /{proxy+}",
            "route_response_selection_expression": "",
            "target": "integrations/rde6jp0"
          },
          "sensitive_attributes": [],
          "identity_schema_version": 0,
          "private": "bnVsbA==",
          "dependencies": [
            "aws_apigatewayv2_api.http_api",
            "aws_apigatewayv2_integration.lambda_integration",
            "aws_dynamodb_table.food",
            "aws_dynamodb_table.ingredients",
            "aws_iam_role.lambda_exec_role",
            "aws_lambda_function.api_backend",
            "data.archive_file.nutriTrack_lambda"
          ]
        }
      ]
    },
    {
      "mode": "managed",
      "type": "aws_apigatewayv2_stage",
      "name": "default_stage",
      "provider": "provider[\"registry.terraform.io/hashicorp/aws\"]",
      "instances": [
        {
          "schema_version": 0,
          "attributes": {
            "access_log_settings": [],
            "api_id": "b6aet1vkc9",
            "arn": "arn:aws:apigateway:ap-southeast-1::/apis/b6aet1vkc9/stages/$default",
            "auto_deploy": true,
            "client_certificate_id": "",
            "default_route_settings": [
              {
                "data_trace_enabled": false,
                "detailed_metrics_enabled": false,
                "logging_level": "",
                "throttling_burst_limit": 0,
                "throttling_rate_limit": 0
              }
            ],
            "deployment_id": "8ubeem",
            "description": "",
            "execution_arn": "arn:aws:execute-api:ap-southeast-1:966000660990:b6aet1vkc9/$default",
            "id": "$default",
            "invoke_url": "https://b6aet1vkc9.execute-api.ap-southeast-1.amazonaws.com/",
            "name": "$default",
            "region": "ap-southeast-1",
            "route_settings": [],
            "stage_variables": {},
            "tags": {},
            "tags_all": {}
          },
          "sensitive_attributes": [],
          "identity_schema_version": 0,
          "private": "bnVsbA==",
          "dependencies": [
            "aws_apigatewayv2_api.http_api"
          ]
        }
      ]
    },
    {
      "mode": "managed",
      "type": "aws_dynamodb_table",
      "name": "food",
      "provider": "provider[\"registry.terraform.io/hashicorp/aws\"]",
      "instances": [
        {
          "schema_version": 1,
          "attributes": {
            "arn": "arn:aws:dynamodb:ap-southeast-1:966000660990:table/food",
            "attribute": [
              {
                "name": "food_id",
                "type": "S"
              }
            ],
            "billing_mode": "PAY_PER_REQUEST",
            "deletion_protection_enabled": false,
            "global_secondary_index": [],
            "global_table_witness": [],
            "hash_key": "food_id",
            "id": "food",
            "import_table": [],
            "local_secondary_index": [],
            "name": "food",
            "on_demand_throughput": [],
            "point_in_time_recovery": [
              {
                "enabled": false,
                "recovery_period_in_days": 0
              }
            ],
            "range_key": null,
            "read_capacity": 0,
            "region": "ap-southeast-1",
            "replica": [],
            "restore_date_time": null,
            "restore_source_name": null,
            "restore_source_table_arn": null,
            "restore_to_latest_time": null,
            "server_side_encryption": [],
            "stream_arn": "",
            "stream_enabled": false,
            "stream_label": "",
            "stream_view_type": "",
            "table_class": "STANDARD",
            "tags": {
              "Owner": "nutritrack",
              "Project": "nutritrack"
            },
            "tags_all": {
              "Owner": "nutritrack",
              "Project": "nutritrack"
            },
            "timeouts": null,
            "ttl": [
              {
                "attribute_name": "",
                "enabled": false
              }
            ],
            "warm_throughput": [],
            "write_capacity": 0
          },
          "sensitive_attributes": [],
          "identity_schema_version": 0,
          "private": "eyJlMmJmYjczMC1lY2FhLTExZTYtOGY4OC0zNDM2M2JjN2M0YzAiOnsiY3JlYXRlIjoxODAwMDAwMDAwMDAwLCJkZWxldGUiOjYwMDAwMDAwMDAwMCwidXBkYXRlIjozNjAwMDAwMDAwMDAwfSwic2NoZW1hX3ZlcnNpb24iOiIxIn0="
        }
      ]
    },
    {
      "mode": "managed",
      "type": "aws_dynamodb_table",
      "name": "ingredients",
      "provider": "provider[\"registry.terraform.io/hashicorp/aws\"]",
      "instances": [
        {
          "schema_version": 1,
          "attributes": {
            "arn": "arn:aws:dynamodb:ap-southeast-1:966000660990:table/ingredients",
            "attribute": [
              {
                "name": "ingredient_id",
                "type": "S"
              }
            ],
            "billing_mode": "PAY_PER_REQUEST",
            "deletion_protection_enabled": false,
            "global_secondary_index": [],
            "global_table_witness": [],
            "hash_key": "ingredient_id",
            "id": "ingredients",
            "import_table": [],
            "local_secondary_index": [],
            "name": "ingredients",
            "on_demand_throughput": [],
            "point_in_time_recovery": [
              {
                "enabled": false,
                "recovery_period_in_days": 0
              }
            ],
            "range_key": null,
            "read_capacity": 0,
            "region": "ap-southeast-1",
            "replica": [],
            "restore_date_time": null,
            "restore_source_name": null,
            "restore_source_table_arn": null,
            "restore_to_latest_time": null,
            "server_side_encryption": [],
            "stream_arn": "",
            "stream_enabled": false,
            "stream_label": "",
            "stream_view_type": "",
            "table_class": "STANDARD",
            "tags": {
              "Owner": "nutritrack",
              "Project": "nutritrack"
            },
            "tags_all": {
              "Owner": "nutritrack",
              "Project": "nutritrack"
            },
            "timeouts": null,
            "ttl": [
              {
                "attribute_name": "",
                "enabled": false
              }
            ],
            "warm_throughput": [],
            "write_capacity": 0
          },
          "sensitive_attributes": [],
          "identity_schema_version": 0,
          "private": "eyJlMmJmYjczMC1lY2FhLTExZTYtOGY4OC0zNDM2M2JjN2M0YzAiOnsiY3JlYXRlIjoxODAwMDAwMDAwMDAwLCJkZWxldGUiOjYwMDAwMDAwMDAwMCwidXBkYXRlIjozNjAwMDAwMDAwMDAwfSwic2NoZW1hX3ZlcnNpb24iOiIxIn0="
        }
      ]
    },
    {
      "mode": "managed",
      "type": "aws_iam_role",
      "name": "lambda_exec_role",
      "provider": "provider[\"registry.terraform.io/hashicorp/aws\"]",
      "instances": [
        {
          "schema_version": 0,
          "attributes": {
            "arn": "arn:aws:iam::966000660990:role/nutritrack_lambda_role",
            "assume_role_policy": "{\"Statement\":[{\"Action\":\"sts:AssumeRole\",\"Effect\":\"Allow\",\"Principal\":{\"Service\":\"lambda.amazonaws.com\"}}],\"Version\":\"2012-10-17\"}",
            "create_date": "2026-03-06T09:13:56Z",
            "description": "",
            "force_detach_policies": false,
            "id": "nutritrack_lambda_role",
            "inline_policy": [
              {
                "name": "lambda_s3_access_policy",
                "policy": "{\"Version\":\"2012-10-17\",\"Statement\":[{\"Action\":[\"s3:PutObject\",\"s3:GetObject\",\"s3:DeleteObject\",\"s3:ListBucket\"],\"Effect\":\"Allow\",\"Resource\":[\"arn:aws:s3:::nutritrack-images\",\"arn:aws:s3:::nutritrack-images/*\"]}]}"
              }
            ],
            "managed_policy_arns": [
              "arn:aws:iam::aws:policy/AmazonDynamoDBFullAccess",
              "arn:aws:iam::aws:policy/service-role/AWSLambdaBasicExecutionRole"
            ],
            "max_session_duration": 3600,
            "name": "nutritrack_lambda_role",
            "name_prefix": "",
            "path": "/",
            "permissions_boundary": "",
            "tags": {},
            "tags_all": {},
            "unique_id": "AROA6B2RAKH7P7RMKJDZS"
          },
          "sensitive_attributes": [],
          "identity_schema_version": 0,
          "identity": {
            "account_id": "966000660990",
            "name": "nutritrack_lambda_role"
          },
          "private": "bnVsbA=="
        }
      ]
    },
    {
      "mode": "managed",
      "type": "aws_iam_role_policy",
      "name": "lambda_s3_access",
      "provider": "provider[\"registry.terraform.io/hashicorp/aws\"]",
      "instances": [
        {
          "schema_version": 0,
          "attributes": {
            "id": "nutritrack_lambda_role:lambda_s3_access_policy",
            "name": "lambda_s3_access_policy",
            "name_prefix": "",
            "policy": "{\"Version\":\"2012-10-17\",\"Statement\":[{\"Action\":[\"s3:PutObject\",\"s3:GetObject\",\"s3:DeleteObject\",\"s3:ListBucket\"],\"Effect\":\"Allow\",\"Resource\":[\"arn:aws:s3:::nutritrack-images\",\"arn:aws:s3:::nutritrack-images/*\"]}]}",
            "role": "nutritrack_lambda_role"
          },
          "sensitive_attributes": [],
          "identity_schema_version": 0,
          "identity": {
            "account_id": "966000660990",
            "name": "lambda_s3_access_policy",
            "role": "nutritrack_lambda_role"
          },
          "private": "bnVsbA==",
          "dependencies": [
            "aws_iam_role.lambda_exec_role"
          ]
        }
      ]
    },
    {
      "mode": "managed",
      "type": "aws_iam_role_policy_attachment",
      "name": "lambda_basic_execution",
      "provider": "provider[\"registry.terraform.io/hashicorp/aws\"]",
      "instances": [
        {
          "schema_version": 0,
          "attributes": {
            "id": "nutritrack_lambda_role/arn:aws:iam::aws:policy/service-role/AWSLambdaBasicExecutionRole",
            "policy_arn": "arn:aws:iam::aws:policy/service-role/AWSLambdaBasicExecutionRole",
            "role": "nutritrack_lambda_role"
          },
          "sensitive_attributes": [],
          "identity_schema_version": 0,
          "identity": {
            "account_id": "966000660990",
            "policy_arn": "arn:aws:iam::aws:policy/service-role/AWSLambdaBasicExecutionRole",
            "role": "nutritrack_lambda_role"
          },
          "private": "bnVsbA==",
          "dependencies": [
            "aws_iam_role.lambda_exec_role"
          ]
        }
      ]
    },
    {
      "mode": "managed",
      "type": "aws_iam_role_policy_attachment",
      "name": "lambda_dynamodb_access",
      "provider": "provider[\"registry.terraform.io/hashicorp/aws\"]",
      "instances": [
        {
          "schema_version": 0,
          "attributes": {
            "id": "nutritrack_lambda_role/arn:aws:iam::aws:policy/AmazonDynamoDBFullAccess",
            "policy_arn": "arn:aws:iam::aws:policy/AmazonDynamoDBFullAccess",
            "role": "nutritrack_lambda_role"
          },
          "sensitive_attributes": [],
          "identity_schema_version": 0,
          "identity": {
            "account_id": "966000660990",
            "policy_arn": "arn:aws:iam::aws:policy/AmazonDynamoDBFullAccess",
            "role": "nutritrack_lambda_role"
          },
          "private": "bnVsbA==",
          "dependencies": [
            "aws_iam_role.lambda_exec_role"
          ]
        }
      ]
    },
    {
      "mode": "managed",
      "type": "aws_lambda_function",
      "name": "api_backend",
      "provider": "provider[\"registry.terraform.io/hashicorp/aws\"]",
      "instances": [
        {
          "schema_version": 0,
          "attributes": {
            "architectures": [
              "x86_64"
            ],
            "arn": "arn:aws:lambda:ap-southeast-1:966000660990:function:nutritrack-api-handler",
            "capacity_provider_config": [],
            "code_sha256": "9sSqa5/MuQp0toKoK4L65f/1Z1DuK7Ox/Jri0ZaWC0c=",
            "code_signing_config_arn": "",
            "dead_letter_config": [],
            "description": "",
            "durable_config": [],
            "environment": [
              {
                "variables": {
                  "FOODS_TABLE": "food",
                  "GEMINI_API_KEY": "AIzaSyBuhyUa-XbL3sVqaaq2cRabg7zKXxEh-mU",
                  "INGREDIENTS_TABLE": "ingredients"
                }
              }
            ],
            "ephemeral_storage": [
              {
                "size": 512
              }
            ],
            "file_system_config": [],
            "filename": "./nutriTrack_lambda.zip",
            "function_name": "nutritrack-api-handler",
            "handler": "index.handler",
            "id": "nutritrack-api-handler",
            "image_config": [],
            "image_uri": "",
            "invoke_arn": "arn:aws:apigateway:ap-southeast-1:lambda:path/2015-03-31/functions/arn:aws:lambda:ap-southeast-1:966000660990:function:nutritrack-api-handler/invocations",
            "kms_key_arn": "",
            "last_modified": "2026-03-06T09:14:09.655+0000",
            "layers": [],
            "logging_config": [
              {
                "application_log_level": "",
                "log_format": "Text",
                "log_group": "/aws/lambda/nutritrack-api-handler",
                "system_log_level": ""
              }
            ],
            "memory_size": 128,
            "package_type": "Zip",
            "publish": false,
            "publish_to": null,
            "qualified_arn": "arn:aws:lambda:ap-southeast-1:966000660990:function:nutritrack-api-handler:$LATEST",
            "qualified_invoke_arn": "arn:aws:apigateway:ap-southeast-1:lambda:path/2015-03-31/functions/arn:aws:lambda:ap-southeast-1:966000660990:function:nutritrack-api-handler:$LATEST/invocations",
            "region": "ap-southeast-1",
            "replace_security_groups_on_destroy": null,
            "replacement_security_group_ids": null,
            "reserved_concurrent_executions": -1,
            "response_streaming_invoke_arn": "arn:aws:apigateway:ap-southeast-1:lambda:path/2021-11-15/functions/arn:aws:lambda:ap-southeast-1:966000660990:function:nutritrack-api-handler/response-streaming-invocations",
            "role": "arn:aws:iam::966000660990:role/nutritrack_lambda_role",
            "runtime": "nodejs22.x",
            "s3_bucket": null,
            "s3_key": null,
            "s3_object_version": null,
            "signing_job_arn": "",
            "signing_profile_version_arn": "",
            "skip_destroy": false,
            "snap_start": [],
            "source_code_hash": "9sSqa5/MuQp0toKoK4L65f/1Z1DuK7Ox/Jri0ZaWC0c=",
            "source_code_size": 1144818,
            "source_kms_key_arn": "",
            "tags": {},
            "tags_all": {},
            "tenancy_config": [],
            "timeout": 3,
            "timeouts": null,
            "tracing_config": [
              {
                "mode": "PassThrough"
              }
            ],
            "version": "$LATEST",
            "vpc_config": []
          },
          "sensitive_attributes": [],
          "identity_schema_version": 0,
          "identity": {
            "account_id": "966000660990",
            "function_name": "nutritrack-api-handler",
            "region": "ap-southeast-1"
          },
          "private": "eyJlMmJmYjczMC1lY2FhLTExZTYtOGY4OC0zNDM2M2JjN2M0YzAiOnsiY3JlYXRlIjo2MDAwMDAwMDAwMDAsImRlbGV0ZSI6NjAwMDAwMDAwMDAwLCJ1cGRhdGUiOjYwMDAwMDAwMDAwMH19",
          "dependencies": [
            "aws_dynamodb_table.food",
            "aws_dynamodb_table.ingredients",
            "aws_iam_role.lambda_exec_role",
            "data.archive_file.nutriTrack_lambda"
          ]
        }
      ]
    },
    {
      "mode": "managed",
      "type": "aws_lambda_permission",
      "name": "apigw_lambda_exec",
      "provider": "provider[\"registry.terraform.io/hashicorp/aws\"]",
      "instances": [
        {
          "schema_version": 0,
          "attributes": {
            "action": "lambda:InvokeFunction",
            "event_source_token": null,
            "function_name": "nutritrack-api-handler",
            "function_url_auth_type": null,
            "id": "AllowExecutionFromAPIGateway",
            "invoked_via_function_url": null,
            "principal": "apigateway.amazonaws.com",
            "principal_org_id": null,
            "qualifier": "",
            "region": "ap-southeast-1",
            "source_account": null,
            "source_arn": "arn:aws:execute-api:ap-southeast-1:966000660990:b6aet1vkc9/*/*",
            "statement_id": "AllowExecutionFromAPIGateway",
            "statement_id_prefix": ""
          },
          "sensitive_attributes": [],
          "identity_schema_version": 0,
          "identity": {
            "account_id": "966000660990",
            "function_name": "nutritrack-api-handler",
            "qualifier": null,
            "region": "ap-southeast-1",
            "statement_id": "AllowExecutionFromAPIGateway"
          },
          "private": "bnVsbA==",
          "dependencies": [
            "aws_apigatewayv2_api.http_api",
            "aws_dynamodb_table.food",
            "aws_dynamodb_table.ingredients",
            "aws_iam_role.lambda_exec_role",
            "aws_lambda_function.api_backend",
            "data.archive_file.nutriTrack_lambda"
          ]
        }
      ]
    },
    {
      "mode": "managed",
      "type": "aws_s3_bucket",
      "name": "nutriTrack_images",
      "provider": "provider[\"registry.terraform.io/hashicorp/aws\"]",
      "instances": [
        {
          "schema_version": 0,
          "attributes": {
            "acceleration_status": "",
            "acl": null,
            "arn": "arn:aws:s3:::nutritrack-images",
            "bucket": "nutritrack-images",
            "bucket_domain_name": "nutritrack-images.s3.amazonaws.com",
            "bucket_prefix": "",
            "bucket_region": "ap-southeast-1",
            "bucket_regional_domain_name": "nutritrack-images.s3.ap-southeast-1.amazonaws.com",
            "cors_rule": [],
            "force_destroy": false,
            "grant": [
              {
                "id": "728d34c6b4bab47a7b2f3007c2e5f75c666da2e660b0b9f4c6e4a80859c64e04",
                "permissions": [
                  "FULL_CONTROL"
                ],
                "type": "CanonicalUser",
                "uri": ""
              }
            ],
            "hosted_zone_id": "Z3O0J2DXBE1FTB",
            "id": "nutritrack-images",
            "lifecycle_rule": [],
            "logging": [],
            "object_lock_configuration": [],
            "object_lock_enabled": false,
            "policy": "{\"Statement\":[{\"Action\":\"s3:GetObject\",\"Effect\":\"Allow\",\"Principal\":\"*\",\"Resource\":\"arn:aws:s3:::nutritrack-images/*\",\"Sid\":\"PublicReadGetObject\"}],\"Version\":\"2012-10-17\"}",
            "region": "ap-southeast-1",
            "replication_configuration": [],
            "request_payer": "BucketOwner",
            "server_side_encryption_configuration": [
              {
                "rule": [
                  {
                    "apply_server_side_encryption_by_default": [
                      {
                        "kms_master_key_id": "",
                        "sse_algorithm": "AES256"
                      }
                    ],
                    "bucket_key_enabled": false
                  }
                ]
              }
            ],
            "tags": {},
            "tags_all": {},
            "timeouts": null,
            "versioning": [
              {
                "enabled": false,
                "mfa_delete": false
              }
            ],
            "website": [],
            "website_domain": null,
            "website_endpoint": null
          },
          "sensitive_attributes": [],
          "identity_schema_version": 0,
          "identity": {
            "account_id": "966000660990",
            "bucket": "nutritrack-images",
            "region": "ap-southeast-1"
          },
          "private": "eyJlMmJmYjczMC1lY2FhLTExZTYtOGY4OC0zNDM2M2JjN2M0YzAiOnsiY3JlYXRlIjoxMjAwMDAwMDAwMDAwLCJkZWxldGUiOjM2MDAwMDAwMDAwMDAsInJlYWQiOjEyMDAwMDAwMDAwMDAsInVwZGF0ZSI6MTIwMDAwMDAwMDAwMH19"
        }
      ]
    },
    {
      "mode": "managed",
      "type": "aws_s3_bucket_ownership_controls",
      "name": "ownership",
      "provider": "provider[\"registry.terraform.io/hashicorp/aws\"]",
      "instances": [
        {
          "schema_version": 0,
          "attributes": {
            "bucket": "nutritrack-images",
            "id": "nutritrack-images",
            "region": "ap-southeast-1",
            "rule": [
              {
                "object_ownership": "BucketOwnerPreferred"
              }
            ]
          },
          "sensitive_attributes": [],
          "identity_schema_version": 0,
          "identity": {
            "account_id": "966000660990",
            "bucket": "nutritrack-images",
            "region": "ap-southeast-1"
          },
          "private": "bnVsbA==",
          "dependencies": [
            "aws_s3_bucket.nutriTrack_images"
          ]
        }
      ]
    },
    {
      "mode": "managed",
      "type": "aws_s3_bucket_policy",
      "name": "nutriTrack_images_policy",
      "provider": "provider[\"registry.terraform.io/hashicorp/aws\"]",
      "instances": [
        {
          "schema_version": 0,
          "attributes": {
            "bucket": "nutritrack-images",
            "id": "nutritrack-images",
            "policy": "{\"Statement\":[{\"Action\":[\"s3:GetObject\"],\"Effect\":\"Allow\",\"Principal\":\"*\",\"Resource\":[\"arn:aws:s3:::nutritrack-images/*\"],\"Sid\":\"PublicReadGetObject\"}],\"Version\":\"2012-10-17\"}",
            "region": "ap-southeast-1"
          },
          "sensitive_attributes": [],
          "identity_schema_version": 0,
          "identity": {
            "account_id": "966000660990",
            "bucket": "nutritrack-images",
            "region": "ap-southeast-1"
          },
          "private": "bnVsbA==",
          "dependencies": [
            "aws_s3_bucket.nutriTrack_images",
            "aws_s3_bucket_public_access_block.public_access"
          ]
        }
      ]
    },
    {
      "mode": "managed",
      "type": "aws_s3_bucket_public_access_block",
      "name": "public_access",
      "provider": "provider[\"registry.terraform.io/hashicorp/aws\"]",
      "instances": [
        {
          "schema_version": 0,
          "attributes": {
            "block_public_acls": false,
            "block_public_policy": false,
            "bucket": "nutritrack-images",
            "id": "nutritrack-images",
            "ignore_public_acls": false,
            "region": "ap-southeast-1",
            "restrict_public_buckets": false,
            "skip_destroy": null
          },
          "sensitive_attributes": [],
          "identity_schema_version": 0,
          "identity": {
            "account_id": "966000660990",
            "bucket": "nutritrack-images",
            "region": "ap-southeast-1"
          },
          "private": "bnVsbA==",
          "dependencies": [
            "aws_s3_bucket.nutriTrack_images"
          ]
        }
      ]
    }
  ],
  "check_results": null
}
